
Microsoft Visual Studio Solution File, Format Version 12.00
# Visual Studio Version 17
VisualStudioVersion = 17.10.34928.147
MinimumVisualStudioVersion = 10.0.40219.1
Project("{8BC9CEB8-8B4A-11D0-8D11-00A0C91BC942}") = "CircleBorder_S", "CircleBorder_S.vcxproj", "{F3F3633B-5B5D-49B0-BDC4-F1304F33F5E8}"
EndProject
Global
	GlobalSection(SolutionConfigurationPlatforms) = preSolution
		Debug|x86 = Debug|x86
		Release|x86 = Release|x86
	EndGlobalSection
	GlobalSection(ProjectConfigurationPlatforms) = postSolution
		{F3F3633B-5B5D-49B0-BDC4-F1304F33F5E8}.Debug|x86.ActiveCfg = Debug|Win32
		{F3F3633B-5B5D-49B0-BDC4-F1304F33F5E8}.Debug|x86.Build.0 = Debug|Win32
		{F3F3633B-5B5D-49B0-BDC4-F1304F33F5E8}.Release|x86.ActiveCfg = Release|Win32
		{F3F3633B-5B5D-49B0-BDC4-F1304F33F5E8}.Release|x86.Build.0 = Release|Win32
	EndGlobalSection
	GlobalSection(SolutionProperties) = preSolution
		HideSolutionNode = FALSE
	EndGlobalSection
	GlobalSection(ExtensibilityGlobals) = postSolution
		SolutionGuid = {31C7808B-457E-47E1-95CF-12374E4D665B}
	EndGlobalSection
EndGlobal
